github.com/liyuliang/access v0.0.0-20190705031340-a28c6108a763 h1:Lb0DDUHJx0mMOviYMsAttk5tarhnZlAJmx0yiFmRhq4=
github.com/liyuliang/access v0.0.0-20190705031340-a28c6108a763/go.mod h1:DhsZ0PMLlmF67nYEsEZHJCT8zKxEJX8Fw95oWAlHmDc=
github.com/liyuliang/queue-services v0.0.0-20190730061548-a92fbb43f67c h1:SulafnTQnAbS5eouhbJgaHbosQkpcPFZbgAo3v+b2sw=
github.com/liyuliang/queue-services v0.0.0-20190730061548-a92fbb43f67c/go.mod h1:DJG1suDA+CugYR1kT7J0xELJVMoqO4pzNyt0Uye/VWc=
github.com/liyuliang/smartjson v0.0.0-20180320062843-394c28fa6a5d h1:WpCF5oHsEEXp8uyg3Gq8jQ8dljonFUzxeadt8ll8E1s=
github.com/liyuliang/smartjson v0.0.0-20180320062843-394c28fa6a5d/go.mod h1:rHjiw/lxw505zAC717l36vfOotOF+xnLu2GDKYngcRg=
github.com/liyuliang/utils v0.0.0-20190805150857-cdeb9c4f8ad0 h1:ndAbhekvtSoyucX66sxvy9HInaG+ULXiYutd1xG6jMM=
github.com/liyuliang/utils v0.0.0-20190805150857-cdeb9c4f8ad0/go.mod h1:yikr5bbKTPLuTDzSv97YE1ZF6D178Bs7fFj2YRY5NSk=
